{
  "requires": true,
  "lockfileVersion": 1,
  "dependencies": {
    "@types/bootbox": {
      "version": "5.2.3",
      "resolved": "https://registry.npmjs.org/@types/bootbox/-/bootbox-5.2.3.tgz",
      "integrity": "sha512-6O9474usap0SRkRhPYhmtrAWPfQ2Kwb5WsSxVkM8uT5FwRp/TQijSrhg344r+zJb4K38b96DlXaqs/BrW4Banw==",
      "requires": {
        "@types/jquery": "*"
      }
    },
    "@types/jquery": {
      "version": "3.5.10",
      "resolved": "https://registry.npmjs.org/@types/jquery/-/jquery-3.5.10.tgz",
      "integrity": "sha512-w2qT5DFikh5TXrW/aOaCvCP8g2MMAfPXo3oeHR9v7dRuAZhu38PUWEkYrL4e9VRTcgZE4yER21AHndgpq2QPTQ==",
      "requires": {
        "@types/sizzle": "*"
      }
    },
    "@types/node": {
      "version": "17.0.2",
      "resolved": "https://registry.npmjs.org/@types/node/-/node-17.0.2.tgz",
      "integrity": "sha512-JepeIUPFDARgIs0zD/SKPgFsJEAF0X5/qO80llx59gOxFTboS9Amv3S+QfB7lqBId5sFXJ99BN0J6zFRvL9dDA==",
      "dev": true
    },
    "@types/sizzle": {
      "version": "2.3.3",
      "resolved": "https://registry.npmjs.org/@types/sizzle/-/sizzle-2.3.3.tgz",
      "integrity": "sha512-JYM8x9EGF163bEyhdJBpR2QX1R5naCJHC8ucJylJ3w9/CVBaskdQ8WqBf8MmQrd1kRvp/a4TS8HJ+bxzR7ZJYQ=="
    },
    "tslib": {
      "version": "2.3.1",
      "resolved": "https://registry.npmjs.org/tslib/-/tslib-2.3.1.tgz",
      "integrity": "sha512-77EbyPPpMz+FRFRuAFlWMtmgUWGe9UOG2Z25NqCwiIjRhOf5iKGuzSe5P2w1laq+FkRy4p+PCuVkJSGkzTEKVw=="
    }
  }
}
